
Microsoft Visual Studio Solution File, Format Version 12.00
# Visual Studio Version 17
VisualStudioVersion = 17.0.31903.59
MinimumVisualStudioVersion = 10.0.40219.1
Project("{2150E333-8FDC-42A3-9474-1A3956D46DE8}") = "src", "src", "{A7961A60-7AA6-4B74-A156-2BBA58EA777D}"
EndProject
Project("{FAE04EC0-301F-11D3-BF4B-00C04F79EFBC}") = "AuctionService", "src\AuctionService\AuctionService.csproj", "{095A0401-C81A-4D76-87A5-FECC689FA34B}"
EndProject
Project("{FAE04EC0-301F-11D3-BF4B-00C04F79EFBC}") = "SearchService", "src\SearchService\SearchService.csproj", "{27A8C8F8-1145-4D1A-92EE-CFED7163D399}"
EndProject
Project("{FAE04EC0-301F-11D3-BF4B-00C04F79EFBC}") = "Contracts", "src\Contracts\Contracts.csproj", "{9594CE77-CF78-4F56-A30E-F6CBB673008B}"
EndProject
Global
	GlobalSection(SolutionConfigurationPlatforms) = preSolution
		Debug|Any CPU = Debug|Any CPU
		Release|Any CPU = Release|Any CPU
	EndGlobalSection
	GlobalSection(SolutionProperties) = preSolution
		HideSolutionNode = FALSE
	EndGlobalSection
	GlobalSection(ProjectConfigurationPlatforms) = postSolution
		{095A0401-C81A-4D76-87A5-FECC689FA34B}.Debug|Any CPU.ActiveCfg = Debug|Any CPU
		{095A0401-C81A-4D76-87A5-FECC689FA34B}.Debug|Any CPU.Build.0 = Debug|Any CPU
		{095A0401-C81A-4D76-87A5-FECC689FA34B}.Release|Any CPU.ActiveCfg = Release|Any CPU
		{095A0401-C81A-4D76-87A5-FECC689FA34B}.Release|Any CPU.Build.0 = Release|Any CPU
		{27A8C8F8-1145-4D1A-92EE-CFED7163D399}.Debug|Any CPU.ActiveCfg = Debug|Any CPU
		{27A8C8F8-1145-4D1A-92EE-CFED7163D399}.Debug|Any CPU.Build.0 = Debug|Any CPU
		{27A8C8F8-1145-4D1A-92EE-CFED7163D399}.Release|Any CPU.ActiveCfg = Release|Any CPU
		{27A8C8F8-1145-4D1A-92EE-CFED7163D399}.Release|Any CPU.Build.0 = Release|Any CPU
		{9594CE77-CF78-4F56-A30E-F6CBB673008B}.Debug|Any CPU.ActiveCfg = Debug|Any CPU
		{9594CE77-CF78-4F56-A30E-F6CBB673008B}.Debug|Any CPU.Build.0 = Debug|Any CPU
		{9594CE77-CF78-4F56-A30E-F6CBB673008B}.Release|Any CPU.ActiveCfg = Release|Any CPU
		{9594CE77-CF78-4F56-A30E-F6CBB673008B}.Release|Any CPU.Build.0 = Release|Any CPU
	EndGlobalSection
	GlobalSection(NestedProjects) = preSolution
		{095A0401-C81A-4D76-87A5-FECC689FA34B} = {A7961A60-7AA6-4B74-A156-2BBA58EA777D}
		{27A8C8F8-1145-4D1A-92EE-CFED7163D399} = {A7961A60-7AA6-4B74-A156-2BBA58EA777D}
		{9594CE77-CF78-4F56-A30E-F6CBB673008B} = {A7961A60-7AA6-4B74-A156-2BBA58EA777D}
	EndGlobalSection
EndGlobal
